
Microsoft Visual Studio Solution File, Format Version 12.00
# Visual Studio Version 16
VisualStudioVersion = 16.0.31624.102
MinimumVisualStudioVersion = 10.0.40219.1
Project("{2150E333-8FDC-42A3-9474-1A3956D46DE8}") = "[01] - Application", "[01] - Application", "{EDC07DE9-965E-4D83-BBC2-16B7D208E4D1}"
EndProject
Project("{2150E333-8FDC-42A3-9474-1A3956D46DE8}") = "[02] - Domain", "[02] - Domain", "{A5357308-E625-42A6-B060-106291413E09}"
EndProject
Project("{2150E333-8FDC-42A3-9474-1A3956D46DE8}") = "[03] - Infrastructure", "[03] - Infrastructure", "{1F02EF2F-00CC-4C3A-9B9E-B868D964DAB3}"
EndProject
Project("{2150E333-8FDC-42A3-9474-1A3956D46DE8}") = "[04] - API", "[04] - API", "{9187C42A-796A-4D19-A3F7-A3822F967420}"
EndProject
Project("{2150E333-8FDC-42A3-9474-1A3956D46DE8}") = "[06] - Tests", "[06] - Tests", "{157F3D8A-FD6F-4781-A0EC-929E1B6B95AF}"
EndProject
Project("{2150E333-8FDC-42A3-9474-1A3956D46DE8}") = "[03.01] - Data", "[03.01] - Data", "{F2B99BC0-46C2-4590-B043-957F222EE5BF}"
EndProject
Project("{2150E333-8FDC-42A3-9474-1A3956D46DE8}") = "[03.02] - Identity", "[03.02] - Identity", "{720A1944-36E5-4FD1-B4DE-D24F3533E7B8}"
EndProject
Project("{2150E333-8FDC-42A3-9474-1A3956D46DE8}") = "[07] - Documentations", "[07] - Documentations", "{9A990B05-DBE3-4E18-8BEB-3F92BB8730BE}"
EndProject
Project("{2150E333-8FDC-42A3-9474-1A3956D46DE8}") = "Scripts", "Scripts", "{475F3E87-F4A9-45F5-B46E-6AF23DBB08B0}"
	ProjectSection(SolutionItems) = preProject
		IdentityScript.sql = IdentityScript.sql
	EndProjectSection
EndProject
Project("{2150E333-8FDC-42A3-9474-1A3956D46DE8}") = "[03.03] - Crosscutting", "[03.03] - Crosscutting", "{735D40B6-BCFC-4D99-B3FB-2F24730AFF56}"
EndProject
Project("{9A19103F-16F7-4668-BE54-9A1E7A4F7556}") = "ERP.Furacao.Application", "src\ERP.Furacao.Application\ERP.Furacao.Application.csproj", "{F113B495-390E-4500-B861-CF711DE7D19B}"
EndProject
Project("{9A19103F-16F7-4668-BE54-9A1E7A4F7556}") = "ERP.Furacao.Domain", "src\ERP.Furacao.Domain\ERP.Furacao.Domain.csproj", "{C6D88F3B-F186-48DF-A980-83D157C2E23A}"
EndProject
Project("{9A19103F-16F7-4668-BE54-9A1E7A4F7556}") = "ERP.Furacao.Infrastructure.Data", "src\ERP.Furacao.Infrastructure.Data\ERP.Furacao.Infrastructure.Data.csproj", "{F6D7A8F7-9032-488E-B1DE-D6001BCF4CD6}"
EndProject
Project("{9A19103F-16F7-4668-BE54-9A1E7A4F7556}") = "ERP.Furacao.Infrastructure.Identity", "src\ERP.Furacao.Infrastructure.Identity\ERP.Furacao.Infrastructure.Identity.csproj", "{B1DC0DA0-54FC-4C16-9B49-2CB8230E6455}"
EndProject
Project("{9A19103F-16F7-4668-BE54-9A1E7A4F7556}") = "ERP.Furacao.Infrastructure.Crosscutting", "src\ERP.Furacao.Infrastructure.Crosscutting\ERP.Furacao.Infrastructure.Crosscutting.csproj", "{EADB1929-6D8F-45B6-9ABA-6528A7787AF0}"
EndProject
Project("{9A19103F-16F7-4668-BE54-9A1E7A4F7556}") = "ERP.Furacao.WebApi", "src\ERP.Furacao.WebApi\ERP.Furacao.WebApi.csproj", "{34C765F0-0479-4039-A1F7-4AE287789BA3}"
EndProject
Project("{9A19103F-16F7-4668-BE54-9A1E7A4F7556}") = "ERP.Furacao.xUnitTest", "src\ERP.Furacao.xUnitTest\ERP.Furacao.xUnitTest.csproj", "{4C846D5B-349B-4FC5-9090-D7C6D6056941}"
EndProject
Global
	GlobalSection(SolutionConfigurationPlatforms) = preSolution
		Debug|Any CPU = Debug|Any CPU
		Release|Any CPU = Release|Any CPU
	EndGlobalSection
	GlobalSection(ProjectConfigurationPlatforms) = postSolution
		{F113B495-390E-4500-B861-CF711DE7D19B}.Debug|Any CPU.ActiveCfg = Debug|Any CPU
		{F113B495-390E-4500-B861-CF711DE7D19B}.Debug|Any CPU.Build.0 = Debug|Any CPU
		{F113B495-390E-4500-B861-CF711DE7D19B}.Release|Any CPU.ActiveCfg = Release|Any CPU
		{F113B495-390E-4500-B861-CF711DE7D19B}.Release|Any CPU.Build.0 = Release|Any CPU
		{C6D88F3B-F186-48DF-A980-83D157C2E23A}.Debug|Any CPU.ActiveCfg = Debug|Any CPU
		{C6D88F3B-F186-48DF-A980-83D157C2E23A}.Debug|Any CPU.Build.0 = Debug|Any CPU
		{C6D88F3B-F186-48DF-A980-83D157C2E23A}.Release|Any CPU.ActiveCfg = Release|Any CPU
		{C6D88F3B-F186-48DF-A980-83D157C2E23A}.Release|Any CPU.Build.0 = Release|Any CPU
		{F6D7A8F7-9032-488E-B1DE-D6001BCF4CD6}.Debug|Any CPU.ActiveCfg = Debug|Any CPU
		{F6D7A8F7-9032-488E-B1DE-D6001BCF4CD6}.Debug|Any CPU.Build.0 = Debug|Any CPU
		{F6D7A8F7-9032-488E-B1DE-D6001BCF4CD6}.Release|Any CPU.ActiveCfg = Release|Any CPU
		{F6D7A8F7-9032-488E-B1DE-D6001BCF4CD6}.Release|Any CPU.Build.0 = Release|Any CPU
		{B1DC0DA0-54FC-4C16-9B49-2CB8230E6455}.Debug|Any CPU.ActiveCfg = Debug|Any CPU
		{B1DC0DA0-54FC-4C16-9B49-2CB8230E6455}.Debug|Any CPU.Build.0 = Debug|Any CPU
		{B1DC0DA0-54FC-4C16-9B49-2CB8230E6455}.Release|Any CPU.ActiveCfg = Release|Any CPU
		{B1DC0DA0-54FC-4C16-9B49-2CB8230E6455}.Release|Any CPU.Build.0 = Release|Any CPU
		{EADB1929-6D8F-45B6-9ABA-6528A7787AF0}.Debug|Any CPU.ActiveCfg = Debug|Any CPU
		{EADB1929-6D8F-45B6-9ABA-6528A7787AF0}.Debug|Any CPU.Build.0 = Debug|Any CPU
		{EADB1929-6D8F-45B6-9ABA-6528A7787AF0}.Release|Any CPU.ActiveCfg = Release|Any CPU
		{EADB1929-6D8F-45B6-9ABA-6528A7787AF0}.Release|Any CPU.Build.0 = Release|Any CPU
		{34C765F0-0479-4039-A1F7-4AE287789BA3}.Debug|Any CPU.ActiveCfg = Debug|Any CPU
		{34C765F0-0479-4039-A1F7-4AE287789BA3}.Debug|Any CPU.Build.0 = Debug|Any CPU
		{34C765F0-0479-4039-A1F7-4AE287789BA3}.Release|Any CPU.ActiveCfg = Release|Any CPU
		{34C765F0-0479-4039-A1F7-4AE287789BA3}.Release|Any CPU.Build.0 = Release|Any CPU
		{4C846D5B-349B-4FC5-9090-D7C6D6056941}.Debug|Any CPU.ActiveCfg = Debug|Any CPU
		{4C846D5B-349B-4FC5-9090-D7C6D6056941}.Debug|Any CPU.Build.0 = Debug|Any CPU
		{4C846D5B-349B-4FC5-9090-D7C6D6056941}.Release|Any CPU.ActiveCfg = Release|Any CPU
		{4C846D5B-349B-4FC5-9090-D7C6D6056941}.Release|Any CPU.Build.0 = Release|Any CPU
	EndGlobalSection
	GlobalSection(SolutionProperties) = preSolution
		HideSolutionNode = FALSE
	EndGlobalSection
	GlobalSection(NestedProjects) = preSolution
		{F2B99BC0-46C2-4590-B043-957F222EE5BF} = {1F02EF2F-00CC-4C3A-9B9E-B868D964DAB3}
		{720A1944-36E5-4FD1-B4DE-D24F3533E7B8} = {1F02EF2F-00CC-4C3A-9B9E-B868D964DAB3}
		{475F3E87-F4A9-45F5-B46E-6AF23DBB08B0} = {9A990B05-DBE3-4E18-8BEB-3F92BB8730BE}
		{735D40B6-BCFC-4D99-B3FB-2F24730AFF56} = {1F02EF2F-00CC-4C3A-9B9E-B868D964DAB3}
		{F113B495-390E-4500-B861-CF711DE7D19B} = {EDC07DE9-965E-4D83-BBC2-16B7D208E4D1}
		{C6D88F3B-F186-48DF-A980-83D157C2E23A} = {A5357308-E625-42A6-B060-106291413E09}
		{F6D7A8F7-9032-488E-B1DE-D6001BCF4CD6} = {F2B99BC0-46C2-4590-B043-957F222EE5BF}
		{B1DC0DA0-54FC-4C16-9B49-2CB8230E6455} = {720A1944-36E5-4FD1-B4DE-D24F3533E7B8}
		{EADB1929-6D8F-45B6-9ABA-6528A7787AF0} = {735D40B6-BCFC-4D99-B3FB-2F24730AFF56}
		{34C765F0-0479-4039-A1F7-4AE287789BA3} = {9187C42A-796A-4D19-A3F7-A3822F967420}
		{4C846D5B-349B-4FC5-9090-D7C6D6056941} = {157F3D8A-FD6F-4781-A0EC-929E1B6B95AF}
	EndGlobalSection
	GlobalSection(ExtensibilityGlobals) = postSolution
		SolutionGuid = {96690366-1709-4135-A74E-708F431DA9F7}
	EndGlobalSection
EndGlobal
